<?xml version="1.0" encoding="utf-8"?>
<Project ToolsVersion="4.0" xmlns="http://schemas.microsoft.com/developer/msbuild/2003">
  <ItemGroup>
    <Filter Include="Source Files">
      <UniqueIdentifier>{4FC737F1-C7A5-4376-A066-2A32D752A2FF}</UniqueIdentifier>
      <Extensions>cpp;c;cc;cxx;def;odl;idl;hpj;bat;asm;asmx</Extensions>
    </Filter>
    <Filter Include="Header Files">
      <UniqueIdentifier>{93995380-89BD-4b04-88EB-625FBE52EBFB}</UniqueIdentifier>
      <Extensions>h;hpp;hxx;hm;inl;inc;xsd</Extensions>
    </Filter>
    <Filter Include="Resource Files">
      <UniqueIdentifier>{67DA6AB6-F800-4c08-8B7A-83BB121AAD01}</UniqueIdentifier>
      <Extensions>rc;ico;cur;bmp;dlg;rc2;rct;bin;rgs;gif;jpg;jpeg;jpe;resx;tiff;tif;png;wav;mfcribbon-ms</Extensions>
    </Filter>
  </ItemGroup>
  <ItemGroup>
    <ClInclude Include="Minuit.h">
      <Filter>Header Files</Filter>
    </ClInclude>
    <ClInclude Include="Stdafx.h">
      <Filter>Header Files</Filter>
    </ClInclude>
    <ClInclude Include="resource.h">
      <Filter>Header Files</Filter>
    </ClInclude>
  </ItemGroup>
  <ItemGroup>
    <ClCompile Include="Minuit.cpp">
      <Filter>Source Files</Filter>
    </ClCompile>
    <ClCompile Include="AssemblyInfo.cpp">
      <Filter>Source Files</Filter>
    </ClCompile>
    <ClCompile Include="Stdafx.cpp">
      <Filter>Source Files</Filter>
    </ClCompile>
    <ClCompile Include="src\AnalyticalGradientCalculator.cxx">
      <Filter>Source Files</Filter>
    </ClCompile>
    <ClCompile Include="src\BasicMinimumError.cxx">
      <Filter>Source Files</Filter>
    </ClCompile>
    <ClCompile Include="src\CombinedMinimumBuilder.cxx">
      <Filter>Source Files</Filter>
    </ClCompile>
    <ClCompile Include="src\DavidonErrorUpdator.cxx">
      <Filter>Source Files</Filter>
    </ClCompile>
    <ClCompile Include="src\FumiliBuilder.cxx">
      <Filter>Source Files</Filter>
    </ClCompile>
    <ClCompile Include="src\FumiliErrorUpdator.cxx">
      <Filter>Source Files</Filter>
    </ClCompile>
    <ClCompile Include="src\FumiliGradientCalculator.cxx">
      <Filter>Source Files</Filter>
    </ClCompile>
    <ClCompile Include="src\FumiliMinimizer.cxx">
      <Filter>Source Files</Filter>
    </ClCompile>
    <ClCompile Include="src\FumiliStandardChi2FCN.cxx">
      <Filter>Source Files</Filter>
    </ClCompile>
    <ClCompile Include="src\FumiliStandardMaximumLikelihoodFCN.cxx">
      <Filter>Source Files</Filter>
    </ClCompile>
    <ClCompile Include="src\HessianGradientCalculator.cxx">
      <Filter>Source Files</Filter>
    </ClCompile>
    <ClCompile Include="src\InitialGradientCalculator.cxx">
      <Filter>Source Files</Filter>
    </ClCompile>
    <ClCompile Include="src\LaEigenValues.cxx">
      <Filter>Source Files</Filter>
    </ClCompile>
    <ClCompile Include="src\LaInnerProduct.cxx">
      <Filter>Source Files</Filter>
    </ClCompile>
    <ClCompile Include="src\LaInverse.cxx">
      <Filter>Source Files</Filter>
    </ClCompile>
    <ClCompile Include="src\LaOuterProduct.cxx">
      <Filter>Source Files</Filter>
    </ClCompile>
    <ClCompile Include="src\LaSumOfElements.cxx">
      <Filter>Source Files</Filter>
    </ClCompile>
    <ClCompile Include="src\LaVtMVSimilarity.cxx">
      <Filter>Source Files</Filter>
    </ClCompile>
    <ClCompile Include="src\MnApplication.cxx">
      <Filter>Source Files</Filter>
    </ClCompile>
    <ClCompile Include="src\mnbins.cxx">
      <Filter>Source Files</Filter>
    </ClCompile>
    <ClCompile Include="src\MnContours.cxx">
      <Filter>Source Files</Filter>
    </ClCompile>
    <ClCompile Include="src\MnCovarianceSqueeze.cxx">
      <Filter>Source Files</Filter>
    </ClCompile>
    <ClCompile Include="src\mndasum.cxx">
      <Filter>Source Files</Filter>
    </ClCompile>
    <ClCompile Include="src\mndaxpy.cxx">
      <Filter>Source Files</Filter>
    </ClCompile>
    <ClCompile Include="src\mnddot.cxx">
      <Filter>Source Files</Filter>
    </ClCompile>
    <ClCompile Include="src\mndscal.cxx">
      <Filter>Source Files</Filter>
    </ClCompile>
    <ClCompile Include="src\mndspmv.cxx">
      <Filter>Source Files</Filter>
    </ClCompile>
    <ClCompile Include="src\mndspr.cxx">
      <Filter>Source Files</Filter>
    </ClCompile>
    <ClCompile Include="src\MnEigen.cxx">
      <Filter>Source Files</Filter>
    </ClCompile>
    <ClCompile Include="src\MnFcn.cxx">
      <Filter>Source Files</Filter>
    </ClCompile>
    <ClCompile Include="src\MnFumiliMinimize.cxx">
      <Filter>Source Files</Filter>
    </ClCompile>
    <ClCompile Include="src\MnFunctionCross.cxx">
      <Filter>Source Files</Filter>
    </ClCompile>
    <ClCompile Include="src\MnGlobalCorrelationCoeff.cxx">
      <Filter>Source Files</Filter>
    </ClCompile>
    <ClCompile Include="src\MnHesse.cxx">
      <Filter>Source Files</Filter>
    </ClCompile>
    <ClCompile Include="src\MnLineSearch.cxx">
      <Filter>Source Files</Filter>
    </ClCompile>
    <ClCompile Include="src\mnlsame.cxx">
      <Filter>Source Files</Filter>
    </ClCompile>
    <ClCompile Include="src\MnMachinePrecision.cxx">
      <Filter>Source Files</Filter>
    </ClCompile>
    <ClCompile Include="src\MnMinos.cxx">
      <Filter>Source Files</Filter>
    </ClCompile>
    <ClCompile Include="src\MnParabolaFactory.cxx">
      <Filter>Source Files</Filter>
    </ClCompile>
    <ClCompile Include="src\MnParameterScan.cxx">
      <Filter>Source Files</Filter>
    </ClCompile>
    <ClCompile Include="src\MnPlot.cxx">
      <Filter>Source Files</Filter>
    </ClCompile>
    <ClCompile Include="src\MnPosDef.cxx">
      <Filter>Source Files</Filter>
    </ClCompile>
    <ClCompile Include="src\MnPrint.cxx">
      <Filter>Source Files</Filter>
    </ClCompile>
    <ClCompile Include="src\MnScan.cxx">
      <Filter>Source Files</Filter>
    </ClCompile>
    <ClCompile Include="src\MnSeedGenerator.cxx">
      <Filter>Source Files</Filter>
    </ClCompile>
    <ClCompile Include="src\MnStrategy.cxx">
      <Filter>Source Files</Filter>
    </ClCompile>
    <ClCompile Include="src\mnteigen.cxx">
      <Filter>Source Files</Filter>
    </ClCompile>
    <ClCompile Include="src\MnTiny.cxx">
      <Filter>Source Files</Filter>
    </ClCompile>
    <ClCompile Include="src\mntplot.cxx">
      <Filter>Source Files</Filter>
    </ClCompile>
    <ClCompile Include="src\MnUserFcn.cxx">
      <Filter>Source Files</Filter>
    </ClCompile>
    <ClCompile Include="src\MnUserParameters.cxx">
      <Filter>Source Files</Filter>
    </ClCompile>
    <ClCompile Include="src\MnUserParameterState.cxx">
      <Filter>Source Files</Filter>
    </ClCompile>
    <ClCompile Include="src\MnUserTransformation.cxx">
      <Filter>Source Files</Filter>
    </ClCompile>
    <ClCompile Include="src\mnvert.cxx">
      <Filter>Source Files</Filter>
    </ClCompile>
    <ClCompile Include="src\mnxerbla.cxx">
      <Filter>Source Files</Filter>
    </ClCompile>
    <ClCompile Include="src\ModularFunctionMinimizer.cxx">
      <Filter>Source Files</Filter>
    </ClCompile>
    <ClCompile Include="src\NegativeG2LineSearch.cxx">
      <Filter>Source Files</Filter>
    </ClCompile>
    <ClCompile Include="src\Numerical2PGradientCalculator.cxx">
      <Filter>Source Files</Filter>
    </ClCompile>
    <ClCompile Include="src\ParametricFunction.cxx">
      <Filter>Source Files</Filter>
    </ClCompile>
    <ClCompile Include="src\ScanBuilder.cxx">
      <Filter>Source Files</Filter>
    </ClCompile>
    <ClCompile Include="src\SimplexBuilder.cxx">
      <Filter>Source Files</Filter>
    </ClCompile>
    <ClCompile Include="src\SimplexParameters.cxx">
      <Filter>Source Files</Filter>
    </ClCompile>
    <ClCompile Include="src\SimplexSeedGenerator.cxx">
      <Filter>Source Files</Filter>
    </ClCompile>
    <ClCompile Include="src\SinParameterTransformation.cxx">
      <Filter>Source Files</Filter>
    </ClCompile>
    <ClCompile Include="src\SqrtLowParameterTransformation.cxx">
      <Filter>Source Files</Filter>
    </ClCompile>
    <ClCompile Include="src\SqrtUpParameterTransformation.cxx">
      <Filter>Source Files</Filter>
    </ClCompile>
    <ClCompile Include="src\VariableMetricBuilder.cxx">
      <Filter>Source Files</Filter>
    </ClCompile>
    <ClCompile Include="src\VariableMetricEDMEstimator.cxx">
      <Filter>Source Files</Filter>
    </ClCompile>
    <ClCompile Include="StackAllocator.cpp">
      <Filter>Source Files</Filter>
    </ClCompile>
  </ItemGroup>
  <ItemGroup>
    <Text Include="ReadMe.txt" />
  </ItemGroup>
  <ItemGroup>
    <ResourceCompile Include="app.rc">
      <Filter>Resource Files</Filter>
    </ResourceCompile>
  </ItemGroup>
  <ItemGroup>
    <Image Include="app.ico">
      <Filter>Resource Files</Filter>
    </Image>
  </ItemGroup>
</Project>